
Microsoft Visual Studio Solution File, Format Version 12.00
# Visual Studio Version 16
VisualStudioVersion = 16.0.30128.74
MinimumVisualStudioVersion = 10.0.40219.1
Project("{9A19103F-16F7-4668-BE54-9A1E7A4F7556}") = "iSele.Web.FrontEnd", "iSele.Web.FrontEnd\iSele.Web.FrontEnd.csproj", "{5FFCF545-461D-4CB4-AAE0-9A8BBDE3B4AD}"
	ProjectSection(ProjectDependencies) = postProject
		{48B73731-326A-43BD-A268-2FE8BCEF2AEA} = {48B73731-326A-43BD-A268-2FE8BCEF2AEA}
	EndProjectSection
EndProject
Project("{9A19103F-16F7-4668-BE54-9A1E7A4F7556}") = "iSele.Models", "iSele.Models\iSele.Models.csproj", "{48B73731-326A-43BD-A268-2FE8BCEF2AEA}"
EndProject
Project("{9A19103F-16F7-4668-BE54-9A1E7A4F7556}") = "iSele.Services", "iSele.Services\iSele.Services.csproj", "{BAAB787C-A011-423E-BFCE-63E698FF3F40}"
EndProject
Project("{9A19103F-16F7-4668-BE54-9A1E7A4F7556}") = "iSele.Repository", "iSele.Repository\iSele.Repository.csproj", "{916023A3-6116-4DC2-9FA9-4900475A8283}"
	ProjectSection(ProjectDependencies) = postProject
		{48B73731-326A-43BD-A268-2FE8BCEF2AEA} = {48B73731-326A-43BD-A268-2FE8BCEF2AEA}
		{BAAB787C-A011-423E-BFCE-63E698FF3F40} = {BAAB787C-A011-423E-BFCE-63E698FF3F40}
	EndProjectSection
EndProject
Project("{9A19103F-16F7-4668-BE54-9A1E7A4F7556}") = "iSele.Api", "ISele.Api\iSele.Api.csproj", "{AF867785-EACD-4C43-AB5F-6E2FECB74947}"
	ProjectSection(ProjectDependencies) = postProject
		{48B73731-326A-43BD-A268-2FE8BCEF2AEA} = {48B73731-326A-43BD-A268-2FE8BCEF2AEA}
		{BAAB787C-A011-423E-BFCE-63E698FF3F40} = {BAAB787C-A011-423E-BFCE-63E698FF3F40}
	EndProjectSection
EndProject
Project("{9A19103F-16F7-4668-BE54-9A1E7A4F7556}") = "QOnT2iSeleMigration.Web.FrontEnd", "QOnT2iSeleMigration.Web.FrontEnd\QOnT2iSeleMigration.Web.FrontEnd.csproj", "{0F6027DA-6A6D-402E-A003-5EA2480B8EE3}"
	ProjectSection(ProjectDependencies) = postProject
		{48B73731-326A-43BD-A268-2FE8BCEF2AEA} = {48B73731-326A-43BD-A268-2FE8BCEF2AEA}
		{916023A3-6116-4DC2-9FA9-4900475A8283} = {916023A3-6116-4DC2-9FA9-4900475A8283}
	EndProjectSection
EndProject
Project("{9A19103F-16F7-4668-BE54-9A1E7A4F7556}") = "QOnT2iSeleMigration.Classes", "QOnT2iSeleMigration.Classes\QOnT2iSeleMigration.Classes.csproj", "{F60CB4C1-C771-4BDD-83F2-E3E09D8A7EAB}"
EndProject
Project("{9A19103F-16F7-4668-BE54-9A1E7A4F7556}") = "QOnT2iSeleMigration.Models", "QOnT2iSeleMigration.Models\QOnT2iSeleMigration.Models.csproj", "{DC5CF360-590A-4977-8BE0-ACA26454828D}"
EndProject
Project("{FAE04EC0-301F-11D3-BF4B-00C04F79EFBC}") = "QOnTMSSql.Models", "QOnTMSSql.Models\QOnTMSSql.Models.csproj", "{DD12BC92-775A-4810-AF8A-B5EDAF4E5303}"
EndProject
Global
	GlobalSection(SolutionConfigurationPlatforms) = preSolution
		Debug|Any CPU = Debug|Any CPU
		Debug|ARM = Debug|ARM
		Debug|ARM64 = Debug|ARM64
		Debug|x64 = Debug|x64
		Debug|x86 = Debug|x86
		Release|Any CPU = Release|Any CPU
		Release|ARM = Release|ARM
		Release|ARM64 = Release|ARM64
		Release|x64 = Release|x64
		Release|x86 = Release|x86
	EndGlobalSection
	GlobalSection(ProjectConfigurationPlatforms) = postSolution
		{5FFCF545-461D-4CB4-AAE0-9A8BBDE3B4AD}.Debug|Any CPU.ActiveCfg = Debug|Any CPU
		{5FFCF545-461D-4CB4-AAE0-9A8BBDE3B4AD}.Debug|Any CPU.Build.0 = Debug|Any CPU
		{5FFCF545-461D-4CB4-AAE0-9A8BBDE3B4AD}.Debug|ARM.ActiveCfg = Debug|Any CPU
		{5FFCF545-461D-4CB4-AAE0-9A8BBDE3B4AD}.Debug|ARM.Build.0 = Debug|Any CPU
		{5FFCF545-461D-4CB4-AAE0-9A8BBDE3B4AD}.Debug|ARM64.ActiveCfg = Debug|Any CPU
		{5FFCF545-461D-4CB4-AAE0-9A8BBDE3B4AD}.Debug|ARM64.Build.0 = Debug|Any CPU
		{5FFCF545-461D-4CB4-AAE0-9A8BBDE3B4AD}.Debug|x64.ActiveCfg = Debug|Any CPU
		{5FFCF545-461D-4CB4-AAE0-9A8BBDE3B4AD}.Debug|x64.Build.0 = Debug|Any CPU
		{5FFCF545-461D-4CB4-AAE0-9A8BBDE3B4AD}.Debug|x86.ActiveCfg = Debug|Any CPU
		{5FFCF545-461D-4CB4-AAE0-9A8BBDE3B4AD}.Debug|x86.Build.0 = Debug|Any CPU
		{5FFCF545-461D-4CB4-AAE0-9A8BBDE3B4AD}.Release|Any CPU.ActiveCfg = Release|Any CPU
		{5FFCF545-461D-4CB4-AAE0-9A8BBDE3B4AD}.Release|Any CPU.Build.0 = Release|Any CPU
		{5FFCF545-461D-4CB4-AAE0-9A8BBDE3B4AD}.Release|ARM.ActiveCfg = Release|Any CPU
		{5FFCF545-461D-4CB4-AAE0-9A8BBDE3B4AD}.Release|ARM.Build.0 = Release|Any CPU
		{5FFCF545-461D-4CB4-AAE0-9A8BBDE3B4AD}.Release|ARM64.ActiveCfg = Release|Any CPU
		{5FFCF545-461D-4CB4-AAE0-9A8BBDE3B4AD}.Release|ARM64.Build.0 = Release|Any CPU
		{5FFCF545-461D-4CB4-AAE0-9A8BBDE3B4AD}.Release|x64.ActiveCfg = Release|Any CPU
		{5FFCF545-461D-4CB4-AAE0-9A8BBDE3B4AD}.Release|x64.Build.0 = Release|Any CPU
		{5FFCF545-461D-4CB4-AAE0-9A8BBDE3B4AD}.Release|x86.ActiveCfg = Release|Any CPU
		{5FFCF545-461D-4CB4-AAE0-9A8BBDE3B4AD}.Release|x86.Build.0 = Release|Any CPU
		{48B73731-326A-43BD-A268-2FE8BCEF2AEA}.Debug|Any CPU.ActiveCfg = Debug|Any CPU
		{48B73731-326A-43BD-A268-2FE8BCEF2AEA}.Debug|Any CPU.Build.0 = Debug|Any CPU
		{48B73731-326A-43BD-A268-2FE8BCEF2AEA}.Debug|ARM.ActiveCfg = Debug|Any CPU
		{48B73731-326A-43BD-A268-2FE8BCEF2AEA}.Debug|ARM.Build.0 = Debug|Any CPU
		{48B73731-326A-43BD-A268-2FE8BCEF2AEA}.Debug|ARM64.ActiveCfg = Debug|Any CPU
		{48B73731-326A-43BD-A268-2FE8BCEF2AEA}.Debug|ARM64.Build.0 = Debug|Any CPU
		{48B73731-326A-43BD-A268-2FE8BCEF2AEA}.Debug|x64.ActiveCfg = Debug|Any CPU
		{48B73731-326A-43BD-A268-2FE8BCEF2AEA}.Debug|x64.Build.0 = Debug|Any CPU
		{48B73731-326A-43BD-A268-2FE8BCEF2AEA}.Debug|x86.ActiveCfg = Debug|Any CPU
		{48B73731-326A-43BD-A268-2FE8BCEF2AEA}.Debug|x86.Build.0 = Debug|Any CPU
		{48B73731-326A-43BD-A268-2FE8BCEF2AEA}.Release|Any CPU.ActiveCfg = Release|Any CPU
		{48B73731-326A-43BD-A268-2FE8BCEF2AEA}.Release|Any CPU.Build.0 = Release|Any CPU
		{48B73731-326A-43BD-A268-2FE8BCEF2AEA}.Release|ARM.ActiveCfg = Release|Any CPU
		{48B73731-326A-43BD-A268-2FE8BCEF2AEA}.Release|ARM.Build.0 = Release|Any CPU
		{48B73731-326A-43BD-A268-2FE8BCEF2AEA}.Release|ARM64.ActiveCfg = Release|Any CPU
		{48B73731-326A-43BD-A268-2FE8BCEF2AEA}.Release|ARM64.Build.0 = Release|Any CPU
		{48B73731-326A-43BD-A268-2FE8BCEF2AEA}.Release|x64.ActiveCfg = Release|Any CPU
		{48B73731-326A-43BD-A268-2FE8BCEF2AEA}.Release|x64.Build.0 = Release|Any CPU
		{48B73731-326A-43BD-A268-2FE8BCEF2AEA}.Release|x86.ActiveCfg = Release|Any CPU
		{48B73731-326A-43BD-A268-2FE8BCEF2AEA}.Release|x86.Build.0 = Release|Any CPU
		{BAAB787C-A011-423E-BFCE-63E698FF3F40}.Debug|Any CPU.ActiveCfg = Debug|Any CPU
		{BAAB787C-A011-423E-BFCE-63E698FF3F40}.Debug|Any CPU.Build.0 = Debug|Any CPU
		{BAAB787C-A011-423E-BFCE-63E698FF3F40}.Debug|ARM.ActiveCfg = Debug|Any CPU
		{BAAB787C-A011-423E-BFCE-63E698FF3F40}.Debug|ARM.Build.0 = Debug|Any CPU
		{BAAB787C-A011-423E-BFCE-63E698FF3F40}.Debug|ARM64.ActiveCfg = Debug|Any CPU
		{BAAB787C-A011-423E-BFCE-63E698FF3F40}.Debug|ARM64.Build.0 = Debug|Any CPU
		{BAAB787C-A011-423E-BFCE-63E698FF3F40}.Debug|x64.ActiveCfg = Debug|Any CPU
		{BAAB787C-A011-423E-BFCE-63E698FF3F40}.Debug|x64.Build.0 = Debug|Any CPU
		{BAAB787C-A011-423E-BFCE-63E698FF3F40}.Debug|x86.ActiveCfg = Debug|Any CPU
		{BAAB787C-A011-423E-BFCE-63E698FF3F40}.Debug|x86.Build.0 = Debug|Any CPU
		{BAAB787C-A011-423E-BFCE-63E698FF3F40}.Release|Any CPU.ActiveCfg = Release|Any CPU
		{BAAB787C-A011-423E-BFCE-63E698FF3F40}.Release|Any CPU.Build.0 = Release|Any CPU
		{BAAB787C-A011-423E-BFCE-63E698FF3F40}.Release|ARM.ActiveCfg = Release|Any CPU
		{BAAB787C-A011-423E-BFCE-63E698FF3F40}.Release|ARM.Build.0 = Release|Any CPU
		{BAAB787C-A011-423E-BFCE-63E698FF3F40}.Release|ARM64.ActiveCfg = Release|Any CPU
		{BAAB787C-A011-423E-BFCE-63E698FF3F40}.Release|ARM64.Build.0 = Release|Any CPU
		{BAAB787C-A011-423E-BFCE-63E698FF3F40}.Release|x64.ActiveCfg = Release|Any CPU
		{BAAB787C-A011-423E-BFCE-63E698FF3F40}.Release|x64.Build.0 = Release|Any CPU
		{BAAB787C-A011-423E-BFCE-63E698FF3F40}.Release|x86.ActiveCfg = Release|Any CPU
		{BAAB787C-A011-423E-BFCE-63E698FF3F40}.Release|x86.Build.0 = Release|Any CPU
		{916023A3-6116-4DC2-9FA9-4900475A8283}.Debug|Any CPU.ActiveCfg = Debug|Any CPU
		{916023A3-6116-4DC2-9FA9-4900475A8283}.Debug|Any CPU.Build.0 = Debug|Any CPU
		{916023A3-6116-4DC2-9FA9-4900475A8283}.Debug|ARM.ActiveCfg = Debug|Any CPU
		{916023A3-6116-4DC2-9FA9-4900475A8283}.Debug|ARM.Build.0 = Debug|Any CPU
		{916023A3-6116-4DC2-9FA9-4900475A8283}.Debug|ARM64.ActiveCfg = Debug|Any CPU
		{916023A3-6116-4DC2-9FA9-4900475A8283}.Debug|ARM64.Build.0 = Debug|Any CPU
		{916023A3-6116-4DC2-9FA9-4900475A8283}.Debug|x64.ActiveCfg = Debug|Any CPU
		{916023A3-6116-4DC2-9FA9-4900475A8283}.Debug|x64.Build.0 = Debug|Any CPU
		{916023A3-6116-4DC2-9FA9-4900475A8283}.Debug|x86.ActiveCfg = Debug|Any CPU
		{916023A3-6116-4DC2-9FA9-4900475A8283}.Debug|x86.Build.0 = Debug|Any CPU
		{916023A3-6116-4DC2-9FA9-4900475A8283}.Release|Any CPU.ActiveCfg = Release|Any CPU
		{916023A3-6116-4DC2-9FA9-4900475A8283}.Release|Any CPU.Build.0 = Release|Any CPU
		{916023A3-6116-4DC2-9FA9-4900475A8283}.Release|ARM.ActiveCfg = Release|Any CPU
		{916023A3-6116-4DC2-9FA9-4900475A8283}.Release|ARM.Build.0 = Release|Any CPU
		{916023A3-6116-4DC2-9FA9-4900475A8283}.Release|ARM64.ActiveCfg = Release|Any CPU
		{916023A3-6116-4DC2-9FA9-4900475A8283}.Release|ARM64.Build.0 = Release|Any CPU
		{916023A3-6116-4DC2-9FA9-4900475A8283}.Release|x64.ActiveCfg = Release|Any CPU
		{916023A3-6116-4DC2-9FA9-4900475A8283}.Release|x64.Build.0 = Release|Any CPU
		{916023A3-6116-4DC2-9FA9-4900475A8283}.Release|x86.ActiveCfg = Release|Any CPU
		{916023A3-6116-4DC2-9FA9-4900475A8283}.Release|x86.Build.0 = Release|Any CPU
		{AF867785-EACD-4C43-AB5F-6E2FECB74947}.Debug|Any CPU.ActiveCfg = Debug|Any CPU
		{AF867785-EACD-4C43-AB5F-6E2FECB74947}.Debug|Any CPU.Build.0 = Debug|Any CPU
		{AF867785-EACD-4C43-AB5F-6E2FECB74947}.Debug|ARM.ActiveCfg = Debug|Any CPU
		{AF867785-EACD-4C43-AB5F-6E2FECB74947}.Debug|ARM.Build.0 = Debug|Any CPU
		{AF867785-EACD-4C43-AB5F-6E2FECB74947}.Debug|ARM64.ActiveCfg = Debug|Any CPU
		{AF867785-EACD-4C43-AB5F-6E2FECB74947}.Debug|ARM64.Build.0 = Debug|Any CPU
		{AF867785-EACD-4C43-AB5F-6E2FECB74947}.Debug|x64.ActiveCfg = Debug|Any CPU
		{AF867785-EACD-4C43-AB5F-6E2FECB74947}.Debug|x64.Build.0 = Debug|Any CPU
		{AF867785-EACD-4C43-AB5F-6E2FECB74947}.Debug|x86.ActiveCfg = Debug|Any CPU
		{AF867785-EACD-4C43-AB5F-6E2FECB74947}.Debug|x86.Build.0 = Debug|Any CPU
		{AF867785-EACD-4C43-AB5F-6E2FECB74947}.Release|Any CPU.ActiveCfg = Release|Any CPU
		{AF867785-EACD-4C43-AB5F-6E2FECB74947}.Release|Any CPU.Build.0 = Release|Any CPU
		{AF867785-EACD-4C43-AB5F-6E2FECB74947}.Release|ARM.ActiveCfg = Release|Any CPU
		{AF867785-EACD-4C43-AB5F-6E2FECB74947}.Release|ARM.Build.0 = Release|Any CPU
		{AF867785-EACD-4C43-AB5F-6E2FECB74947}.Release|ARM64.ActiveCfg = Release|Any CPU
		{AF867785-EACD-4C43-AB5F-6E2FECB74947}.Release|ARM64.Build.0 = Release|Any CPU
		{AF867785-EACD-4C43-AB5F-6E2FECB74947}.Release|x64.ActiveCfg = Release|Any CPU
		{AF867785-EACD-4C43-AB5F-6E2FECB74947}.Release|x64.Build.0 = Release|Any CPU
		{AF867785-EACD-4C43-AB5F-6E2FECB74947}.Release|x86.ActiveCfg = Release|Any CPU
		{AF867785-EACD-4C43-AB5F-6E2FECB74947}.Release|x86.Build.0 = Release|Any CPU
		{0F6027DA-6A6D-402E-A003-5EA2480B8EE3}.Debug|Any CPU.ActiveCfg = Debug|Any CPU
		{0F6027DA-6A6D-402E-A003-5EA2480B8EE3}.Debug|Any CPU.Build.0 = Debug|Any CPU
		{0F6027DA-6A6D-402E-A003-5EA2480B8EE3}.Debug|ARM.ActiveCfg = Debug|Any CPU
		{0F6027DA-6A6D-402E-A003-5EA2480B8EE3}.Debug|ARM.Build.0 = Debug|Any CPU
		{0F6027DA-6A6D-402E-A003-5EA2480B8EE3}.Debug|ARM64.ActiveCfg = Debug|Any CPU
		{0F6027DA-6A6D-402E-A003-5EA2480B8EE3}.Debug|ARM64.Build.0 = Debug|Any CPU
		{0F6027DA-6A6D-402E-A003-5EA2480B8EE3}.Debug|x64.ActiveCfg = Debug|Any CPU
		{0F6027DA-6A6D-402E-A003-5EA2480B8EE3}.Debug|x64.Build.0 = Debug|Any CPU
		{0F6027DA-6A6D-402E-A003-5EA2480B8EE3}.Debug|x86.ActiveCfg = Debug|Any CPU
		{0F6027DA-6A6D-402E-A003-5EA2480B8EE3}.Debug|x86.Build.0 = Debug|Any CPU
		{0F6027DA-6A6D-402E-A003-5EA2480B8EE3}.Release|Any CPU.ActiveCfg = Release|Any CPU
		{0F6027DA-6A6D-402E-A003-5EA2480B8EE3}.Release|Any CPU.Build.0 = Release|Any CPU
		{0F6027DA-6A6D-402E-A003-5EA2480B8EE3}.Release|ARM.ActiveCfg = Release|Any CPU
		{0F6027DA-6A6D-402E-A003-5EA2480B8EE3}.Release|ARM.Build.0 = Release|Any CPU
		{0F6027DA-6A6D-402E-A003-5EA2480B8EE3}.Release|ARM64.ActiveCfg = Release|Any CPU
		{0F6027DA-6A6D-402E-A003-5EA2480B8EE3}.Release|ARM64.Build.0 = Release|Any CPU
		{0F6027DA-6A6D-402E-A003-5EA2480B8EE3}.Release|x64.ActiveCfg = Release|Any CPU
		{0F6027DA-6A6D-402E-A003-5EA2480B8EE3}.Release|x64.Build.0 = Release|Any CPU
		{0F6027DA-6A6D-402E-A003-5EA2480B8EE3}.Release|x86.ActiveCfg = Release|Any CPU
		{0F6027DA-6A6D-402E-A003-5EA2480B8EE3}.Release|x86.Build.0 = Release|Any CPU
		{F60CB4C1-C771-4BDD-83F2-E3E09D8A7EAB}.Debug|Any CPU.ActiveCfg = Debug|Any CPU
		{F60CB4C1-C771-4BDD-83F2-E3E09D8A7EAB}.Debug|Any CPU.Build.0 = Debug|Any CPU
		{F60CB4C1-C771-4BDD-83F2-E3E09D8A7EAB}.Debug|ARM.ActiveCfg = Debug|Any CPU
		{F60CB4C1-C771-4BDD-83F2-E3E09D8A7EAB}.Debug|ARM.Build.0 = Debug|Any CPU
		{F60CB4C1-C771-4BDD-83F2-E3E09D8A7EAB}.Debug|ARM64.ActiveCfg = Debug|Any CPU
		{F60CB4C1-C771-4BDD-83F2-E3E09D8A7EAB}.Debug|ARM64.Build.0 = Debug|Any CPU
		{F60CB4C1-C771-4BDD-83F2-E3E09D8A7EAB}.Debug|x64.ActiveCfg = Debug|Any CPU
		{F60CB4C1-C771-4BDD-83F2-E3E09D8A7EAB}.Debug|x64.Build.0 = Debug|Any CPU
		{F60CB4C1-C771-4BDD-83F2-E3E09D8A7EAB}.Debug|x86.ActiveCfg = Debug|Any CPU
		{F60CB4C1-C771-4BDD-83F2-E3E09D8A7EAB}.Debug|x86.Build.0 = Debug|Any CPU
		{F60CB4C1-C771-4BDD-83F2-E3E09D8A7EAB}.Release|Any CPU.ActiveCfg = Release|Any CPU
		{F60CB4C1-C771-4BDD-83F2-E3E09D8A7EAB}.Release|Any CPU.Build.0 = Release|Any CPU
		{F60CB4C1-C771-4BDD-83F2-E3E09D8A7EAB}.Release|ARM.ActiveCfg = Release|Any CPU
		{F60CB4C1-C771-4BDD-83F2-E3E09D8A7EAB}.Release|ARM.Build.0 = Release|Any CPU
		{F60CB4C1-C771-4BDD-83F2-E3E09D8A7EAB}.Release|ARM64.ActiveCfg = Release|Any CPU
		{F60CB4C1-C771-4BDD-83F2-E3E09D8A7EAB}.Release|ARM64.Build.0 = Release|Any CPU
		{F60CB4C1-C771-4BDD-83F2-E3E09D8A7EAB}.Release|x64.ActiveCfg = Release|Any CPU
		{F60CB4C1-C771-4BDD-83F2-E3E09D8A7EAB}.Release|x64.Build.0 = Release|Any CPU
		{F60CB4C1-C771-4BDD-83F2-E3E09D8A7EAB}.Release|x86.ActiveCfg = Release|Any CPU
		{F60CB4C1-C771-4BDD-83F2-E3E09D8A7EAB}.Release|x86.Build.0 = Release|Any CPU
		{DC5CF360-590A-4977-8BE0-ACA26454828D}.Debug|Any CPU.ActiveCfg = Debug|Any CPU
		{DC5CF360-590A-4977-8BE0-ACA26454828D}.Debug|Any CPU.Build.0 = Debug|Any CPU
		{DC5CF360-590A-4977-8BE0-ACA26454828D}.Debug|ARM.ActiveCfg = Debug|Any CPU
		{DC5CF360-590A-4977-8BE0-ACA26454828D}.Debug|ARM.Build.0 = Debug|Any CPU
		{DC5CF360-590A-4977-8BE0-ACA26454828D}.Debug|ARM64.ActiveCfg = Debug|Any CPU
		{DC5CF360-590A-4977-8BE0-ACA26454828D}.Debug|ARM64.Build.0 = Debug|Any CPU
		{DC5CF360-590A-4977-8BE0-ACA26454828D}.Debug|x64.ActiveCfg = Debug|Any CPU
		{DC5CF360-590A-4977-8BE0-ACA26454828D}.Debug|x64.Build.0 = Debug|Any CPU
		{DC5CF360-590A-4977-8BE0-ACA26454828D}.Debug|x86.ActiveCfg = Debug|Any CPU
		{DC5CF360-590A-4977-8BE0-ACA26454828D}.Debug|x86.Build.0 = Debug|Any CPU
		{DC5CF360-590A-4977-8BE0-ACA26454828D}.Release|Any CPU.ActiveCfg = Release|Any CPU
		{DC5CF360-590A-4977-8BE0-ACA26454828D}.Release|Any CPU.Build.0 = Release|Any CPU
		{DC5CF360-590A-4977-8BE0-ACA26454828D}.Release|ARM.ActiveCfg = Release|Any CPU
		{DC5CF360-590A-4977-8BE0-ACA26454828D}.Release|ARM.Build.0 = Release|Any CPU
		{DC5CF360-590A-4977-8BE0-ACA26454828D}.Release|ARM64.ActiveCfg = Release|Any CPU
		{DC5CF360-590A-4977-8BE0-ACA26454828D}.Release|ARM64.Build.0 = Release|Any CPU
		{DC5CF360-590A-4977-8BE0-ACA26454828D}.Release|x64.ActiveCfg = Release|Any CPU
		{DC5CF360-590A-4977-8BE0-ACA26454828D}.Release|x64.Build.0 = Release|Any CPU
		{DC5CF360-590A-4977-8BE0-ACA26454828D}.Release|x86.ActiveCfg = Release|Any CPU
		{DC5CF360-590A-4977-8BE0-ACA26454828D}.Release|x86.Build.0 = Release|Any CPU
		{DD12BC92-775A-4810-AF8A-B5EDAF4E5303}.Debug|Any CPU.ActiveCfg = Debug|Any CPU
		{DD12BC92-775A-4810-AF8A-B5EDAF4E5303}.Debug|Any CPU.Build.0 = Debug|Any CPU
		{DD12BC92-775A-4810-AF8A-B5EDAF4E5303}.Debug|ARM.ActiveCfg = Debug|Any CPU
		{DD12BC92-775A-4810-AF8A-B5EDAF4E5303}.Debug|ARM.Build.0 = Debug|Any CPU
		{DD12BC92-775A-4810-AF8A-B5EDAF4E5303}.Debug|ARM64.ActiveCfg = Debug|Any CPU
		{DD12BC92-775A-4810-AF8A-B5EDAF4E5303}.Debug|ARM64.Build.0 = Debug|Any CPU
		{DD12BC92-775A-4810-AF8A-B5EDAF4E5303}.Debug|x64.ActiveCfg = Debug|Any CPU
		{DD12BC92-775A-4810-AF8A-B5EDAF4E5303}.Debug|x64.Build.0 = Debug|Any CPU
		{DD12BC92-775A-4810-AF8A-B5EDAF4E5303}.Debug|x86.ActiveCfg = Debug|Any CPU
		{DD12BC92-775A-4810-AF8A-B5EDAF4E5303}.Debug|x86.Build.0 = Debug|Any CPU
		{DD12BC92-775A-4810-AF8A-B5EDAF4E5303}.Release|Any CPU.ActiveCfg = Release|Any CPU
		{DD12BC92-775A-4810-AF8A-B5EDAF4E5303}.Release|Any CPU.Build.0 = Release|Any CPU
		{DD12BC92-775A-4810-AF8A-B5EDAF4E5303}.Release|ARM.ActiveCfg = Release|Any CPU
		{DD12BC92-775A-4810-AF8A-B5EDAF4E5303}.Release|ARM.Build.0 = Release|Any CPU
		{DD12BC92-775A-4810-AF8A-B5EDAF4E5303}.Release|ARM64.ActiveCfg = Release|Any CPU
		{DD12BC92-775A-4810-AF8A-B5EDAF4E5303}.Release|ARM64.Build.0 = Release|Any CPU
		{DD12BC92-775A-4810-AF8A-B5EDAF4E5303}.Release|x64.ActiveCfg = Release|Any CPU
		{DD12BC92-775A-4810-AF8A-B5EDAF4E5303}.Release|x64.Build.0 = Release|Any CPU
		{DD12BC92-775A-4810-AF8A-B5EDAF4E5303}.Release|x86.ActiveCfg = Release|Any CPU
		{DD12BC92-775A-4810-AF8A-B5EDAF4E5303}.Release|x86.Build.0 = Release|Any CPU
	EndGlobalSection
	GlobalSection(SolutionProperties) = preSolution
		HideSolutionNode = FALSE
	EndGlobalSection
	GlobalSection(ExtensibilityGlobals) = postSolution
		SolutionGuid = {58AAA08B-91BC-4E43-907E-3CE055DBD736}
	EndGlobalSection
EndGlobal
